
Microsoft Visual Studio Solution File, Format Version 12.00
# Visual Studio Version 17
VisualStudioVersion = 17.0.31903.59
MinimumVisualStudioVersion = 10.0.40219.1
Project("{2150E333-8FDC-42A3-9474-1A3956D46DE8}") = "src", "src", "{CAAE3698-34FC-4E5F-8C33-6AA7F5243B43}"
EndProject
Project("{FAE04EC0-301F-11D3-BF4B-00C04F79EFBC}") = "Core", "src\Core\Core.csproj", "{8165B932-646D-4C6A-B279-FF74E3C9E7C0}"
EndProject
Project("{FAE04EC0-301F-11D3-BF4B-00C04F79EFBC}") = "Application", "src\Application\Application.csproj", "{3537FBD8-B2D3-4E3A-B70C-37A1D69982F7}"
EndProject
Project("{FAE04EC0-301F-11D3-BF4B-00C04F79EFBC}") = "WebAPI", "src\WebAPI\WebAPI.csproj", "{73A3E193-BF32-4D95-B542-69B0C2D17BDC}"
EndProject
Project("{FAE04EC0-301F-11D3-BF4B-00C04F79EFBC}") = "BlazorShared", "src\BlazorShared\BlazorShared.csproj", "{8C7B2048-5809-4CFB-9ADA-A5045087D6C8}"
EndProject
Project("{FAE04EC0-301F-11D3-BF4B-00C04F79EFBC}") = "Infrastructure", "src\Infrastructure\Infrastructure.csproj", "{59B85AB3-F652-461A-9C44-9A8A10798E93}"
EndProject
Project("{2150E333-8FDC-42A3-9474-1A3956D46DE8}") = "Web", "Web", "{14455D4E-E7B9-4F37-BD97-B1F76168AA0B}"
EndProject
Project("{FAE04EC0-301F-11D3-BF4B-00C04F79EFBC}") = "BlazorWasm", "src\Web\BlazorWasm\BlazorWasm.csproj", "{AC70AFCF-701F-4963-9FD0-66B0275AF9AD}"
EndProject
Global
	GlobalSection(SolutionConfigurationPlatforms) = preSolution
		Debug|Any CPU = Debug|Any CPU
		Release|Any CPU = Release|Any CPU
	EndGlobalSection
	GlobalSection(SolutionProperties) = preSolution
		HideSolutionNode = FALSE
	EndGlobalSection
	GlobalSection(ProjectConfigurationPlatforms) = postSolution
		{8165B932-646D-4C6A-B279-FF74E3C9E7C0}.Debug|Any CPU.ActiveCfg = Debug|Any CPU
		{8165B932-646D-4C6A-B279-FF74E3C9E7C0}.Debug|Any CPU.Build.0 = Debug|Any CPU
		{8165B932-646D-4C6A-B279-FF74E3C9E7C0}.Release|Any CPU.ActiveCfg = Release|Any CPU
		{8165B932-646D-4C6A-B279-FF74E3C9E7C0}.Release|Any CPU.Build.0 = Release|Any CPU
		{3537FBD8-B2D3-4E3A-B70C-37A1D69982F7}.Debug|Any CPU.ActiveCfg = Debug|Any CPU
		{3537FBD8-B2D3-4E3A-B70C-37A1D69982F7}.Debug|Any CPU.Build.0 = Debug|Any CPU
		{3537FBD8-B2D3-4E3A-B70C-37A1D69982F7}.Release|Any CPU.ActiveCfg = Release|Any CPU
		{3537FBD8-B2D3-4E3A-B70C-37A1D69982F7}.Release|Any CPU.Build.0 = Release|Any CPU
		{73A3E193-BF32-4D95-B542-69B0C2D17BDC}.Debug|Any CPU.ActiveCfg = Debug|Any CPU
		{73A3E193-BF32-4D95-B542-69B0C2D17BDC}.Debug|Any CPU.Build.0 = Debug|Any CPU
		{73A3E193-BF32-4D95-B542-69B0C2D17BDC}.Release|Any CPU.ActiveCfg = Release|Any CPU
		{73A3E193-BF32-4D95-B542-69B0C2D17BDC}.Release|Any CPU.Build.0 = Release|Any CPU
		{8C7B2048-5809-4CFB-9ADA-A5045087D6C8}.Debug|Any CPU.ActiveCfg = Debug|Any CPU
		{8C7B2048-5809-4CFB-9ADA-A5045087D6C8}.Debug|Any CPU.Build.0 = Debug|Any CPU
		{8C7B2048-5809-4CFB-9ADA-A5045087D6C8}.Release|Any CPU.ActiveCfg = Release|Any CPU
		{8C7B2048-5809-4CFB-9ADA-A5045087D6C8}.Release|Any CPU.Build.0 = Release|Any CPU
		{59B85AB3-F652-461A-9C44-9A8A10798E93}.Debug|Any CPU.ActiveCfg = Debug|Any CPU
		{59B85AB3-F652-461A-9C44-9A8A10798E93}.Debug|Any CPU.Build.0 = Debug|Any CPU
		{59B85AB3-F652-461A-9C44-9A8A10798E93}.Release|Any CPU.ActiveCfg = Release|Any CPU
		{59B85AB3-F652-461A-9C44-9A8A10798E93}.Release|Any CPU.Build.0 = Release|Any CPU
		{AC70AFCF-701F-4963-9FD0-66B0275AF9AD}.Debug|Any CPU.ActiveCfg = Debug|Any CPU
		{AC70AFCF-701F-4963-9FD0-66B0275AF9AD}.Debug|Any CPU.Build.0 = Debug|Any CPU
		{AC70AFCF-701F-4963-9FD0-66B0275AF9AD}.Release|Any CPU.ActiveCfg = Release|Any CPU
		{AC70AFCF-701F-4963-9FD0-66B0275AF9AD}.Release|Any CPU.Build.0 = Release|Any CPU
	EndGlobalSection
	GlobalSection(NestedProjects) = preSolution
		{8165B932-646D-4C6A-B279-FF74E3C9E7C0} = {CAAE3698-34FC-4E5F-8C33-6AA7F5243B43}
		{3537FBD8-B2D3-4E3A-B70C-37A1D69982F7} = {CAAE3698-34FC-4E5F-8C33-6AA7F5243B43}
		{73A3E193-BF32-4D95-B542-69B0C2D17BDC} = {CAAE3698-34FC-4E5F-8C33-6AA7F5243B43}
		{8C7B2048-5809-4CFB-9ADA-A5045087D6C8} = {CAAE3698-34FC-4E5F-8C33-6AA7F5243B43}
		{59B85AB3-F652-461A-9C44-9A8A10798E93} = {CAAE3698-34FC-4E5F-8C33-6AA7F5243B43}
		{14455D4E-E7B9-4F37-BD97-B1F76168AA0B} = {CAAE3698-34FC-4E5F-8C33-6AA7F5243B43}
		{AC70AFCF-701F-4963-9FD0-66B0275AF9AD} = {14455D4E-E7B9-4F37-BD97-B1F76168AA0B}
	EndGlobalSection
EndGlobal
